{
  "name": "ts-project-references",
  "version": "0.0.0",
  "lockfileVersion": 1,
  "requires": true,
  "dependencies": {
    "typescript": {
      "version": "3.3.0-dev.20181213",
      "resolved": "http://repository.rnd.amadeus.net/api/npm/npm/typescript/-/typescript-3.3.0-dev.20181213.tgz",
      "integrity": "sha1-aEFUbYFqcSzNrvKdd4/yWy58cjM=",
      "dev": true
    }
  }
}
